
Microsoft Visual Studio Solution File, Format Version 12.00
# Visual Studio Version 16
VisualStudioVersion = 16.0.31005.135
MinimumVisualStudioVersion = 10.0.40219.1
Project("{9A19103F-16F7-4668-BE54-9A1E7A4F7556}") = "WorldCities", "WorldCities.csproj", "{EDE834DC-69F2-4E93-B0C2-DF83A67F3026}"
EndProject
Global
	GlobalSection(SolutionConfigurationPlatforms) = preSolution
		Debug|Any CPU = Debug|Any CPU
		Release|Any CPU = Release|Any CPU
	EndGlobalSection
	GlobalSection(ProjectConfigurationPlatforms) = postSolution
		{EDE834DC-69F2-4E93-B0C2-DF83A67F3026}.Debug|Any CPU.ActiveCfg = Debug|Any CPU
		{EDE834DC-69F2-4E93-B0C2-DF83A67F3026}.Debug|Any CPU.Build.0 = Debug|Any CPU
		{EDE834DC-69F2-4E93-B0C2-DF83A67F3026}.Release|Any CPU.ActiveCfg = Release|Any CPU
		{EDE834DC-69F2-4E93-B0C2-DF83A67F3026}.Release|Any CPU.Build.0 = Release|Any CPU
	EndGlobalSection
	GlobalSection(SolutionProperties) = preSolution
		HideSolutionNode = FALSE
	EndGlobalSection
	GlobalSection(ExtensibilityGlobals) = postSolution
		SolutionGuid = {C7579625-7FB9-483C-8021-5DDB3E63E4F6}
	EndGlobalSection
EndGlobal
